// !$*UTF8*$!
{
	archiveVersion = 1;
	classes = {
	};
	objectVersion = 51;
	objects = {

/* Begin PBXBuildFile section */
		0C50054F245DB520005F68F1 /* AppDelegate.swift in Sources */ = {isa = PBXBuildFile; fileRef = 0C50054E245DB520005F68F1 /* AppDelegate.swift */; };
		0C500553245DB520005F68F1 /* ViewController.swift in Sources */ = {isa = PBXBuildFile; fileRef = 0C500552245DB520005F68F1 /* ViewController.swift */; };
		0C500558245DB521005F68F1 /* Assets.xcassets in Resources */ = {isa = PBXBuildFile; fileRef = 0C500557245DB521005F68F1 /* Assets.xcassets */; };
		0C50055B245DB521005F68F1 /* LaunchScreen.storyboard in Resources */ = {isa = PBXBuildFile; fileRef = 0C500559245DB521005F68F1 /* LaunchScreen.storyboard */; };
		0C500563245DB615005F68F1 /* ViewModel.swift in Sources */ = {isa = PBXBuildFile; fileRef = 0C500562245DB615005F68F1 /* ViewModel.swift */; };
		E39CB3486BB52048F455E2A7 /* Pods_RxBinding_Example.framework in Frameworks */ = {isa = PBXBuildFile; fileRef = 2B301674551EDF0B750C27BC /* Pods_RxBinding_Example.framework */; };
/* End PBXBuildFile section */

/* Begin PBXFileReference section */
		0C50054B245DB520005F68F1 /* RxBinding Example.app */ = {isa = PBXFileReference; explicitFileType = wrapper.application; includeInIndex = 0; path = "RxBinding Example.app"; sourceTree = BUILT_PRODUCTS_DIR; };
		0C50054E245DB520005F68F1 /* AppDelegate.swift */ = {isa = PBXFileReference; lastKnownFileType = sourcecode.swift; path = AppDelegate.swift; sourceTree = "<group>"; };
		0C500552245DB520005F68F1 /* ViewController.swift */ = {isa = PBXFileReference; lastKnownFileType = sourcecode.swift; path = ViewController.swift; sourceTree = "<group>"; };
		0C500557245DB521005F68F1 /* Assets.xcassets */ = {isa = PBXFileReference; lastKnownFileType = folder.assetcatalog; path = Assets.xcassets; sourceTree = "<group>"; };
		0C50055A245DB521005F68F1 /* Base */ = {isa = PBXFileReference; lastKnownFileType = file.storyboard; name = Base; path = Base.lproj/LaunchScreen.storyboard; sourceTree = "<group>"; };
		0C50055C245DB521005F68F1 /* Info.plist */ = {isa = PBXFileReference; lastKnownFileType = text.plist.xml; path = Info.plist; sourceTree = "<group>"; };
		0C500562245DB615005F68F1 /* ViewModel.swift */ = {isa = PBXFileReference; fileEncoding = 4; lastKnownFileType = sourcecode.swift; path = ViewModel.swift; sourceTree = "<group>"; };
		2B301674551EDF0B750C27BC /* Pods_RxBinding_Example.framework */ = {isa = PBXFileReference; explicitFileType = wrapper.framework; includeInIndex = 0; path = Pods_RxBinding_Example.framework; sourceTree = BUILT_PRODUCTS_DIR; };
		90A51AF33219D5BBA0AC9CFD /* Pods-RxBinding Example.debug.xcconfig */ = {isa = PBXFileReference; includeInIndex = 1; lastKnownFileType = text.xcconfig; name = "Pods-RxBinding Example.debug.xcconfig"; path = "Target Support Files/Pods-RxBinding Example/Pods-RxBinding Example.debug.xcconfig"; sourceTree = "<group>"; };
		AE896CCF68D6174B32B08CB6 /* Pods-RxBinding Example.release.xcconfig */ = {isa = PBXFileReference; includeInIndex = 1; lastKnownFileType = text.xcconfig; name = "Pods-RxBinding Example.release.xcconfig"; path = "Target Support Files/Pods-RxBinding Example/Pods-RxBinding Example.release.xcconfig"; sourceTree = "<group>"; };
/* End PBXFileReference section */

/* Begin PBXFrameworksBuildPhase section */
		0C500548245DB520005F68F1 /* Frameworks */ = {
			isa = PBXFrameworksBuildPhase;
			buildActionMask = 2147483647;
			files = (
				E39CB3486BB52048F455E2A7 /* Pods_RxBinding_Example.framework in Frameworks */,
			);
			runOnlyForDeploymentPostprocessing = 0;
		};
/* End PBXFrameworksBuildPhase section */

/* Begin PBXGroup section */
		0C500542245DB520005F68F1 = {
			isa = PBXGroup;
			children = (
				0C50054D245DB520005F68F1 /* RxBinding Example */,
				0C50054C245DB520005F68F1 /* Products */,
				7164AD5D77CA4900F57ECFE9 /* Pods */,
				685B8F667EBE448DF4998E65 /* Frameworks */,
			);
			sourceTree = "<group>";
		};
		0C50054C245DB520005F68F1 /* Products */ = {
			isa = PBXGroup;
			children = (
				0C50054B245DB520005F68F1 /* RxBinding Example.app */,
			);
			name = Products;
			sourceTree = "<group>";
		};
		0C50054D245DB520005F68F1 /* RxBinding Example */ = {
			isa = PBXGroup;
			children = (
				0C50054E245DB520005F68F1 /* AppDelegate.swift */,
				0C500552245DB520005F68F1 /* ViewController.swift */,
				0C500562245DB615005F68F1 /* ViewModel.swift */,
				0C500557245DB521005F68F1 /* Assets.xcassets */,
				0C500559245DB521005F68F1 /* LaunchScreen.storyboard */,
				0C50055C245DB521005F68F1 /* Info.plist */,
			);
			path = "RxBinding Example";
			sourceTree = "<group>";
		};
		685B8F667EBE448DF4998E65 /* Frameworks */ = {
			isa = PBXGroup;
			children = (
				2B301674551EDF0B750C27BC /* Pods_RxBinding_Example.framework */,
			);
			name = Frameworks;
			sourceTree = "<group>";
		};
		7164AD5D77CA4900F57ECFE9 /* Pods */ = {
			isa = PBXGroup;
			children = (
				90A51AF33219D5BBA0AC9CFD /* Pods-RxBinding Example.debug.xcconfig */,
				AE896CCF68D6174B32B08CB6 /* Pods-RxBinding Example.release.xcconfig */,
			);
			path = Pods;
			sourceTree = "<group>";
		};
/* End PBXGroup section */

/* Begin PBXNativeTarget section */
		0C50054A245DB520005F68F1 /* RxBinding Example */ = {
			isa = PBXNativeTarget;
			buildConfigurationList = 0C50055F245DB521005F68F1 /* Build configuration list for PBXNativeTarget "RxBinding Example" */;
			buildPhases = (
				FB6E38A9A69BFFD6033C036C /* [CP] Check Pods Manifest.lock */,
				0C500547245DB520005F68F1 /* Sources */,
				0C500548245DB520005F68F1 /* Frameworks */,
				0C500549245DB520005F68F1 /* Resources */,
				7562AF4CD513E3D5FF96D35F /* [CP] Embed Pods Frameworks */,
			);
			buildRules = (
			);
			dependencies = (
			);
			name = "RxBinding Example";
			productName = "RxBinding Example";
			productReference = 0C50054B245DB520005F68F1 /* RxBinding Example.app */;
			productType = "com.apple.product-type.application";
		};
/* End PBXNativeTarget section */

/* Begin PBXProject section */
		0C500543245DB520005F68F1 /* Project object */ = {
			isa = PBXProject;
			attributes = {
				LastSwiftUpdateCheck = 1140;
				LastUpgradeCheck = 1140;
				ORGANIZATIONNAME = CocoaPods;
				TargetAttributes = {
					0C50054A245DB520005F68F1 = {
						CreatedOnToolsVersion = 11.4.1;
					};
				};
			};
			buildConfigurationList = 0C500546245DB520005F68F1 /* Build configuration list for PBXProject "RxBinding Example" */;
			compatibilityVersion = "Xcode 9.3";
			developmentRegion = en;
			hasScannedForEncodings = 0;
			knownRegions = (
				en,
				Base,
			);
			mainGroup = 0C500542245DB520005F68F1;
			productRefGroup = 0C50054C245DB520005F68F1 /* Products */;
			projectDirPath = "";
			projectRoot = "";
			targets = (
				0C50054A245DB520005F68F1 /* RxBinding Example */,
			);
		};
/* End PBXProject section */

/* Begin PBXResourcesBuildPhase section */
		0C500549245DB520005F68F1 /* Resources */ = {
			isa = PBXResourcesBuildPhase;
			buildActionMask = 2147483647;
			files = (
				0C50055B245DB521005F68F1 /* LaunchScreen.storyboard in Resources */,
				0C500558245DB521005F68F1 /* Assets.xcassets in Resources */,
			);
			runOnlyForDeploymentPostprocessing = 0;
		};
/* End PBXResourcesBuildPhase section */

/* Begin PBXShellScriptBuildPhase section */
		7562AF4CD513E3D5FF96D35F /* [CP] Embed Pods Frameworks */ = {
			isa = PBXShellScriptBuildPhase;
			buildActionMask = 2147483647;
			files = (
			);
			inputFileListPaths = (
				"${PODS_ROOT}/Target Support Files/Pods-RxBinding Example/Pods-RxBinding Example-frameworks-${CONFIGURATION}-input-files.xcfilelist",
			);
			name = "[CP] Embed Pods Frameworks";
			outputFileListPaths = (
				"${PODS_ROOT}/Target Support Files/Pods-RxBinding Example/Pods-RxBinding Example-frameworks-${CONFIGURATION}-output-files.xcfilelist",
			);
			runOnlyForDeploymentPostprocessing = 0;
			shellPath = /bin/sh;
			shellScript = "\"${PODS_ROOT}/Target Support Files/Pods-RxBinding Example/Pods-RxBinding Example-frameworks.sh\"\n";
			showEnvVarsInLog = 0;
		};
		FB6E38A9A69BFFD6033C036C /* [CP] Check Pods Manifest.lock */ = {
			isa = PBXShellScriptBuildPhase;
			buildActionMask = 2147483647;
			files = (
			);
			inputFileListPaths = (
			);
			inputPaths = (
				"${PODS_PODFILE_DIR_PATH}/Podfile.lock",
				"${PODS_ROOT}/Manifest.lock",
			);
			name = "[CP] Check Pods Manifest.lock";
			outputFileListPaths = (
			);
			outputPaths = (
				"$(DERIVED_FILE_DIR)/Pods-RxBinding Example-checkManifestLockResult.txt",
			);
			runOnlyForDeploymentPostprocessing = 0;
			shellPath = /bin/sh;
			shellScript = "diff \"${PODS_PODFILE_DIR_PATH}/Podfile.lock\" \"${PODS_ROOT}/Manifest.lock\" > /dev/null\nif [ $? != 0 ] ; then\n    # print error to STDERR\n    echo \"error: The sandbox is not in sync with the Podfile.lock. Run 'pod install' or update your CocoaPods installation.\" >&2\n    exit 1\nfi\n# This output is used by Xcode 'outputs' to avoid re-running this script phase.\necho \"SUCCESS\" > \"${SCRIPT_OUTPUT_FILE_0}\"\n";
			showEnvVarsInLog = 0;
		};
/* End PBXShellScriptBuildPhase section */

/* Begin PBXSourcesBuildPhase section */
		0C500547245DB520005F68F1 /* Sources */ = {
			isa = PBXSourcesBuildPhase;
			buildActionMask = 2147483647;
			files = (
				0C500553245DB520005F68F1 /* ViewController.swift in Sources */,
				0C50054F245DB520005F68F1 /* AppDelegate.swift in Sources */,
				0C500563245DB615005F68F1 /* ViewModel.swift in Sources */,
			);
			runOnlyForDeploymentPostprocessing = 0;
		};
/* End PBXSourcesBuildPhase section */

/* Begin PBXVariantGroup section */
		0C500559245DB521005F68F1 /* LaunchScreen.storyboard */ = {
			isa = PBXVariantGroup;
			children = (
				0C50055A245DB521005F68F1 /* Base */,
			);
			name = LaunchScreen.storyboard;
			sourceTree = "<group>";
		};
/* End PBXVariantGroup section */

/* Begin XCBuildConfiguration section */
		0C50055D245DB521005F68F1 /* Debug */ = {
			isa = XCBuildConfiguration;
			buildSettings = {
				ALWAYS_SEARCH_USER_PATHS = NO;
				CLANG_ANALYZER_NONNULL = YES;
				CLANG_ANALYZER_NUMBER_OBJECT_CONVERSION = YES_AGGRESSIVE;
				CLANG_CXX_LANGUAGE_STANDARD = "gnu++14";
				CLANG_CXX_LIBRARY = "libc++";
				CLANG_ENABLE_MODULES = YES;
				CLANG_ENABLE_OBJC_ARC = YES;
				CLANG_ENABLE_OBJC_WEAK = YES;
				CLANG_WARN_BLOCK_CAPTURE_AUTORELEASING = YES;
				CLANG_WARN_BOOL_CONVERSION = YES;
				CLANG_WARN_COMMA = YES;
				CLANG_WARN_CONSTANT_CONVERSION = YES;
				CLANG_WARN_DEPRECATED_OBJC_IMPLEMENTATIONS = YES;
				CLANG_WARN_DIRECT_OBJC_ISA_USAGE = YES_ERROR;
				CLANG_WARN_DOCUMENTATION_COMMENTS = YES;
				CLANG_WARN_EMPTY_BODY = YES;
				CLANG_WARN_ENUM_CONVERSION = YES;
				CLANG_WARN_INFINITE_RECURSION = YES;
				CLANG_WARN_INT_CONVERSION = YES;
				CLANG_WARN_NON_LITERAL_NULL_CONVERSION = YES;
				CLANG_WARN_OBJC_IMPLICIT_RETAIN_SELF = YES;
				CLANG_WARN_OBJC_LITERAL_CONVERSION = YES;
				CLANG_WARN_OBJC_ROOT_CLASS = YES_ERROR;
				CLANG_WARN_RANGE_LOOP_ANALYSIS = YES;
				CLANG_WARN_STRICT_PROTOTYPES = YES;
				CLANG_WARN_SUSPICIOUS_MOVE = YES;
				CLANG_WARN_UNGUARDED_AVAILABILITY = YES_AGGRESSIVE;
				CLANG_WARN_UNREACHABLE_CODE = YES;
				CLANG_WARN__DUPLICATE_METHOD_MATCH = YES;
				COPY_PHASE_STRIP = NO;
				DEBUG_INFORMATION_FORMAT = dwarf;
				ENABLE_STRICT_OBJC_MSGSEND = YES;
				ENABLE_TESTABILITY = YES;
				GCC_C_LANGUAGE_STANDARD = gnu11;
				GCC_DYNAMIC_NO_PIC = NO;
				GCC_NO_COMMON_BLOCKS = YES;
				GCC_OPTIMIZATION_LEVEL = 0;
				GCC_PREPROCESSOR_DEFINITIONS = (
					"DEBUG=1",
					"$(inherited)",
				);
				GCC_WARN_64_TO_32_BIT_CONVERSION = YES;
				GCC_WARN_ABOUT_RETURN_TYPE = YES_ERROR;
				GCC_WARN_UNDECLARED_SELECTOR = YES;
				GCC_WARN_UNINITIALIZED_AUTOS = YES_AGGRESSIVE;
				GCC_WARN_UNUSED_FUNCTION = YES;
				GCC_WARN_UNUSED_VARIABLE = YES;
				IPHONEOS_DEPLOYMENT_TARGET = 13.4;
				MTL_ENABLE_DEBUG_INFO = INCLUDE_SOURCE;
				MTL_FAST_MATH = YES;
				ONLY_ACTIVE_ARCH = YES;
				SDKROOT = iphoneos;
				SWIFT_ACTIVE_COMPILATION_CONDITIONS = DEBUG;
				SWIFT_OPTIMIZATION_LEVEL = "-Onone";
			};
			name = Debug;
		};
		0C50055E245DB521005F68F1 /* Release */ = {
			isa = XCBuildConfiguration;
			buildSettings = {
				ALWAYS_SEARCH_USER_PATHS = NO;
				CLANG_ANALYZER_NONNULL = YES;
				CLANG_ANALYZER_NUMBER_OBJECT_CONVERSION = YES_AGGRESSIVE;
				CLANG_CXX_LANGUAGE_STANDARD = "gnu++14";
				CLANG_CXX_LIBRARY = "libc++";
				CLANG_ENABLE_MODULES = YES;
				CLANG_ENABLE_OBJC_ARC = YES;
				CLANG_ENABLE_OBJC_WEAK = YES;
				CLANG_WARN_BLOCK_CAPTURE_AUTORELEASING = YES;
				CLANG_WARN_BOOL_CONVERSION = YES;
				CLANG_WARN_COMMA = YES;
				CLANG_WARN_CONSTANT_CONVERSION = YES;
				CLANG_WARN_DEPRECATED_OBJC_IMPLEMENTATIONS = YES;
				CLANG_WARN_DIRECT_OBJC_ISA_USAGE = YES_ERROR;
				CLANG_WARN_DOCUMENTATION_COMMENTS = YES;
				CLANG_WARN_EMPTY_BODY = YES;
				CLANG_WARN_ENUM_CONVERSION = YES;
				CLANG_WARN_INFINITE_RECURSION = YES;
				CLANG_WARN_INT_CONVERSION = YES;
				CLANG_WARN_NON_LITERAL_NULL_CONVERSION = YES;
				CLANG_WARN_OBJC_IMPLICIT_RETAIN_SELF = YES;
				CLANG_WARN_OBJC_LITERAL_CONVERSION = YES;
				CLANG_WARN_OBJC_ROOT_CLASS = YES_ERROR;
				CLANG_WARN_RANGE_LOOP_ANALYSIS = YES;
				CLANG_WARN_STRICT_PROTOTYPES = YES;
				CLANG_WARN_SUSPICIOUS_MOVE = YES;
				CLANG_WARN_UNGUARDED_AVAILABILITY = YES_AGGRESSIVE;
				CLANG_WARN_UNREACHABLE_CODE = YES;
				CLANG_WARN__DUPLICATE_METHOD_MATCH = YES;
				COPY_PHASE_STRIP = NO;
				DEBUG_INFORMATION_FORMAT = "dwarf-with-dsym";
				ENABLE_NS_ASSERTIONS = NO;
				ENABLE_STRICT_OBJC_MSGSEND = YES;
				GCC_C_LANGUAGE_STANDARD = gnu11;
				GCC_NO_COMMON_BLOCKS = YES;
				GCC_WARN_64_TO_32_BIT_CONVERSION = YES;
				GCC_WARN_ABOUT_RETURN_TYPE = YES_ERROR;
				GCC_WARN_UNDECLARED_SELECTOR = YES;
				GCC_WARN_UNINITIALIZED_AUTOS = YES_AGGRESSIVE;
				GCC_WARN_UNUSED_FUNCTION = YES;
				GCC_WARN_UNUSED_VARIABLE = YES;
				IPHONEOS_DEPLOYMENT_TARGET = 13.4;
				MTL_ENABLE_DEBUG_INFO = NO;
				MTL_FAST_MATH = YES;
				SDKROOT = iphoneos;
				SWIFT_COMPILATION_MODE = wholemodule;
				SWIFT_OPTIMIZATION_LEVEL = "-O";
				VALIDATE_PRODUCT = YES;
			};
			name = Release;
		};
		0C500560245DB521005F68F1 /* Debug */ = {
			isa = XCBuildConfiguration;
			baseConfigurationReference = 90A51AF33219D5BBA0AC9CFD /* Pods-RxBinding Example.debug.xcconfig */;
			buildSettings = {
				ASSETCATALOG_COMPILER_APPICON_NAME = AppIcon;
				CODE_SIGN_STYLE = Automatic;
				INFOPLIST_FILE = "RxBinding Example/Info.plist";
				IPHONEOS_DEPLOYMENT_TARGET = 10.0;
				LD_RUNPATH_SEARCH_PATHS = (
					"$(inherited)",
					"@executable_path/Frameworks",
				);
				PRODUCT_BUNDLE_IDENTIFIER = "org.cocoapods.demo.RxBinding-Example";
				PRODUCT_NAME = "$(TARGET_NAME)";
				SWIFT_VERSION = 5.0;
				TARGETED_DEVICE_FAMILY = "1,2";
			};
			name = Debug;
		};
		0C500561245DB521005F68F1 /* Release */ = {
			isa = XCBuildConfiguration;
			baseConfigurationReference = AE896CCF68D6174B32B08CB6 /* Pods-RxBinding Example.release.xcconfig */;
			buildSettings = {
				ASSETCATALOG_COMPILER_APPICON_NAME = AppIcon;
				CODE_SIGN_STYLE = Automatic;
				INFOPLIST_FILE = "RxBinding Example/Info.plist";
				IPHONEOS_DEPLOYMENT_TARGET = 10.0;
				LD_RUNPATH_SEARCH_PATHS = (
					"$(inherited)",
					"@executable_path/Frameworks",
				);
				PRODUCT_BUNDLE_IDENTIFIER = "org.cocoapods.demo.RxBinding-Example";
				PRODUCT_NAME = "$(TARGET_NAME)";
				SWIFT_VERSION = 5.0;
				TARGETED_DEVICE_FAMILY = "1,2";
			};
			name = Release;
		};
/* End XCBuildConfiguration section */

/* Begin XCConfigurationList section */
		0C500546245DB520005F68F1 /* Build configuration list for PBXProject "RxBinding Example" */ = {
			isa = XCConfigurationList;
			buildConfigurations = (
				0C50055D245DB521005F68F1 /* Debug */,
				0C50055E245DB521005F68F1 /* Release */,
			);
			defaultConfigurationIsVisible = 0;
			defaultConfigurationName = Release;
		};
		0C50055F245DB521005F68F1 /* Build configuration list for PBXNativeTarget "RxBinding Example" */ = {
			isa = XCConfigurationList;
			buildConfigurations = (
				0C500560245DB521005F68F1 /* Debug */,
				0C500561245DB521005F68F1 /* Release */,
			);
			defaultConfigurationIsVisible = 0;
			defaultConfigurationName = Release;
		};
/* End XCConfigurationList section */
	};
	rootObject = 0C500543245DB520005F68F1 /* Project object */;
}
